
Microsoft Visual Studio Solution File, Format Version 12.00
# Visual Studio Version 17
VisualStudioVersion = 17.3.32922.545
MinimumVisualStudioVersion = 10.0.40219.1
Project("{FAE04EC0-301F-11D3-BF4B-00C04F79EFBC}") = "Exercicio4", "Exercicio4.csproj", "{579B3E94-F046-4DD7-91D3-F8F238651DA2}"
EndProject
Global
	GlobalSection(SolutionConfigurationPlatforms) = preSolution
		Debug|Any CPU = Debug|Any CPU
		Release|Any CPU = Release|Any CPU
	EndGlobalSection
	GlobalSection(ProjectConfigurationPlatforms) = postSolution
		{579B3E94-F046-4DD7-91D3-F8F238651DA2}.Debug|Any CPU.ActiveCfg = Debug|Any CPU
		{579B3E94-F046-4DD7-91D3-F8F238651DA2}.Debug|Any CPU.Build.0 = Debug|Any CPU
		{579B3E94-F046-4DD7-91D3-F8F238651DA2}.Release|Any CPU.ActiveCfg = Release|Any CPU
		{579B3E94-F046-4DD7-91D3-F8F238651DA2}.Release|Any CPU.Build.0 = Release|Any CPU
	EndGlobalSection
	GlobalSection(SolutionProperties) = preSolution
		HideSolutionNode = FALSE
	EndGlobalSection
	GlobalSection(ExtensibilityGlobals) = postSolution
		SolutionGuid = {C1ABA938-D9EE-450C-931F-EC5E3CB47DAE}
	EndGlobalSection
EndGlobal
